{
  "lockfileVersion": 1,
  "configVersion": 1,
  "workspaces": {
    "": {
      "dependencies": {
        "@opencode-ai/plugin": "1.2.4",
        "glob": "^11.0.0",
        "zod": "4.3.6",
      },
      "devDependencies": {
        "@biomejs/biome": "^2.4.1",
        "@types/bun": "^1.3.9",
        "@types/node": "^25.2.3",
        "typescript": "^5.9.3",
      },
    },
  },
  "packages": {
    "@biomejs/biome": ["@biomejs/biome@2.4.1", "", { "optionalDependencies": { "@biomejs/cli-darwin-arm64": "2.4.1", "@biomejs/cli-darwin-x64": "2.4.1", "@biomejs/cli-linux-arm64": "2.4.1", "@biomejs/cli-linux-arm64-musl": "2.4.1", "@biomejs/cli-linux-x64": "2.4.1", "@biomejs/cli-linux-x64-musl": "2.4.1", "@biomejs/cli-win32-arm64": "2.4.1", "@biomejs/cli-win32-x64": "2.4.1" }, "bin": { "biome": "bin/biome" } }, "sha512-8c5DZQl1hfpLRlTZ21W5Ef2R314E4UJUEtkMbo303ElTVe6fYtapwldv7tZlgwm+9YP0Mhk7dUSTkOY8nQ2/2w=="],

    "@biomejs/cli-darwin-arm64": ["@biomejs/cli-darwin-arm64@2.4.1", "", { "os": "darwin", "cpu": "arm64" }, "sha512-wKiX2znbgFRaivRplSbu53hiREp1ohlGRuWqOL90IPetLi5E32tkiMYu8uSLXVzDgbIVM58WsesPaczIVtJkOQ=="],

    "@biomejs/cli-darwin-x64": ["@biomejs/cli-darwin-x64@2.4.1", "", { "os": "darwin", "cpu": "x64" }, "sha512-rxLYVg3skeXh9K0om7JdkKcCdvtqrF9ECZ7dsmLuYObboK7DZ1J0z6xc2NGKSXw+cEQo3ie6NQgWBcdGJ16yQg=="],

    "@biomejs/cli-linux-arm64": ["@biomejs/cli-linux-arm64@2.4.1", "", { "os": "linux", "cpu": "arm64" }, "sha512-nlGO5KzoEKhGj2i3QXyyNCeFk8SVwyes0wo0/X9w943darnlAHfi8MYYunPf8lsz5C0JaH6pJYB6D9HnDwUPQA=="],

    "@biomejs/cli-linux-arm64-musl": ["@biomejs/cli-linux-arm64-musl@2.4.1", "", { "os": "linux", "cpu": "arm64" }, "sha512-Brwh/QL3wfX5UyZcyEamS1Q+EF8Q7ud+MS5mq/9BWX2ArfxQlgsqlukwK92xrGpXWcspXkSG9U0CoxvCZZkTKQ=="],

    "@biomejs/cli-linux-x64": ["@biomejs/cli-linux-x64@2.4.1", "", { "os": "linux", "cpu": "x64" }, "sha512-Rmhm/mQ/3pejy1WtWLKurV1fN6zvCrqKz/ART2ZzgqY4ozL07uys5R9jA0A+yLjA79JTkcpIe85ygXv0FnSPRg=="],

    "@biomejs/cli-linux-x64-musl": ["@biomejs/cli-linux-x64-musl@2.4.1", "", { "os": "linux", "cpu": "x64" }, "sha512-kz1QpA+PXouNyWw2VzeoMlzMn99hlyOC/El2uSy+DS8gcb6tOsKEeZ5e2onnFIfZKe9AeKMFbTowDNLXwjwGjw=="],

    "@biomejs/cli-win32-arm64": ["@biomejs/cli-win32-arm64@2.4.1", "", { "os": "win32", "cpu": "arm64" }, "sha512-e+PrlbQ/tez7W9EAzzCGUH1ovq31kR5r8sfCDzasrmoADLnDafet8pA8LdXnt0GwkeOem5Hz6WHCVZPRmaXiXw=="],

    "@biomejs/cli-win32-x64": ["@biomejs/cli-win32-x64@2.4.1", "", { "os": "win32", "cpu": "x64" }, "sha512-kfjOCzvaHC7olg8pmEuSsYzHntxdipkAGzr5nFiaEU2EPDWRE/myqUBaFDl9pHqEc8yEtQFiXF945PlTSkuOTw=="],

    "@isaacs/cliui": ["@isaacs/cliui@9.0.0", "", {}, "sha512-AokJm4tuBHillT+FpMtxQ60n8ObyXBatq7jD2/JA9dxbDDokKQm8KMht5ibGzLVU9IJDIKK4TPKgMHEYMn3lMg=="],

    "@opencode-ai/plugin": ["@opencode-ai/plugin@1.2.4", "", { "dependencies": { "@opencode-ai/sdk": "1.2.4", "zod": "4.1.8" } }, "sha512-FfRybm1Ujzkt8EQDtxZKVEA88EI8XaAu3ikViC8DYSP3lJaF++8isN3vmlSqCi+A+O2/5xd2yQ0yq3tmJ2WVhw=="],

    "@opencode-ai/sdk": ["@opencode-ai/sdk@1.2.4", "", {}, "sha512-IPgtBpif46wTviC3HQxkjS4M/1tZSnRmD/6aEF3lL88MT+PAqKA30G+AhBlpvXBITq9EmjO4gjzM59ly2z7mYQ=="],

    "@types/bun": ["@types/bun@1.3.9", "", { "dependencies": { "bun-types": "1.3.9" } }, "sha512-KQ571yULOdWJiMH+RIWIOZ7B2RXQGpL1YQrBtLIV3FqDcCu6FsbFUBwhdKUlCKUpS3PJDsHlJ1QKlpxoVR+xtw=="],

    "@types/node": ["@types/node@25.2.3", "", { "dependencies": { "undici-types": "~7.16.0" } }, "sha512-m0jEgYlYz+mDJZ2+F4v8D1AyQb+QzsNqRuI7xg1VQX/KlKS0qT9r1Mo16yo5F/MtifXFgaofIFsdFMox2SxIbQ=="],

    "balanced-match": ["balanced-match@4.0.2", "", { "dependencies": { "jackspeak": "^4.2.3" } }, "sha512-x0K50QvKQ97fdEz2kPehIerj+YTeptKF9hyYkKf6egnwmMWAkADiO0QCzSp0R5xN8FTZgYaBfSaue46Ej62nMg=="],

    "brace-expansion": ["brace-expansion@5.0.2", "", { "dependencies": { "balanced-match": "^4.0.2" } }, "sha512-Pdk8c9poy+YhOgVWw1JNN22/HcivgKWwpxKq04M/jTmHyCZn12WPJebZxdjSa5TmBqISrUSgNYU3eRORljfCCw=="],

    "bun-types": ["bun-types@1.3.9", "", { "dependencies": { "@types/node": "*" } }, "sha512-+UBWWOakIP4Tswh0Bt0QD0alpTY8cb5hvgiYeWCMet9YukHbzuruIEeXC2D7nMJPB12kbh8C7XJykSexEqGKJg=="],

    "cross-spawn": ["cross-spawn@7.0.6", "", { "dependencies": { "path-key": "^3.1.0", "shebang-command": "^2.0.0", "which": "^2.0.1" } }, "sha512-uV2QOWP2nWzsy2aMp8aRibhi9dlzF5Hgh5SHaB9OiTGEyDTiJJyx0uy51QXdyWbtAHNua4XJzUKca3OzKUd3vA=="],

    "foreground-child": ["foreground-child@3.3.1", "", { "dependencies": { "cross-spawn": "^7.0.6", "signal-exit": "^4.0.1" } }, "sha512-gIXjKqtFuWEgzFRJA9WCQeSJLZDjgJUOMCMzxtvFq/37KojM1BFGufqsCy0r4qSQmYLsZYMeyRqzIWOMup03sw=="],

    "glob": ["glob@11.1.0", "", { "dependencies": { "foreground-child": "^3.3.1", "jackspeak": "^4.1.1", "minimatch": "^10.1.1", "minipass": "^7.1.2", "package-json-from-dist": "^1.0.0", "path-scurry": "^2.0.0" }, "bin": { "glob": "dist/esm/bin.mjs" } }, "sha512-vuNwKSaKiqm7g0THUBu2x7ckSs3XJLXE+2ssL7/MfTGPLLcrJQ/4Uq1CjPTtO5cCIiRxqvN6Twy1qOwhL0Xjcw=="],

    "isexe": ["isexe@2.0.0", "", {}, "sha512-RHxMLp9lnKHGHRng9QFhRCMbYAcVpn69smSGcq3f36xjgVVWThj4qqLbTLlq7Ssj8B+fIQ1EuCEGI2lKsyQeIw=="],

    "jackspeak": ["jackspeak@4.2.3", "", { "dependencies": { "@isaacs/cliui": "^9.0.0" } }, "sha512-ykkVRwrYvFm1nb2AJfKKYPr0emF6IiXDYUaFx4Zn9ZuIH7MrzEZ3sD5RlqGXNRpHtvUHJyOnCEFxOlNDtGo7wg=="],

    "lru-cache": ["lru-cache@11.2.6", "", {}, "sha512-ESL2CrkS/2wTPfuend7Zhkzo2u0daGJ/A2VucJOgQ/C48S/zB8MMeMHSGKYpXhIjbPxfuezITkaBH1wqv00DDQ=="],

    "minimatch": ["minimatch@10.2.0", "", { "dependencies": { "brace-expansion": "^5.0.2" } }, "sha512-ugkC31VaVg9cF0DFVoADH12k6061zNZkZON+aX8AWsR9GhPcErkcMBceb6znR8wLERM2AkkOxy2nWRLpT9Jq5w=="],

    "minipass": ["minipass@7.1.2", "", {}, "sha512-qOOzS1cBTWYF4BH8fVePDBOO9iptMnGUEZwNc/cMWnTV2nVLZ7VoNWEPHkYczZA0pdoA7dl6e7FL659nX9S2aw=="],

    "package-json-from-dist": ["package-json-from-dist@1.0.1", "", {}, "sha512-UEZIS3/by4OC8vL3P2dTXRETpebLI2NiI5vIrjaD/5UtrkFX/tNbwjTSRAGC/+7CAo2pIcBaRgWmcBBHcsaCIw=="],

    "path-key": ["path-key@3.1.1", "", {}, "sha512-ojmeN0qd+y0jszEtoY48r0Peq5dwMEkIlCOu6Q5f41lfkswXuKtYrhgoTpLnyIcHm24Uhqx+5Tqm2InSwLhE6Q=="],

    "path-scurry": ["path-scurry@2.0.1", "", { "dependencies": { "lru-cache": "^11.0.0", "minipass": "^7.1.2" } }, "sha512-oWyT4gICAu+kaA7QWk/jvCHWarMKNs6pXOGWKDTr7cw4IGcUbW+PeTfbaQiLGheFRpjo6O9J0PmyMfQPjH71oA=="],

    "shebang-command": ["shebang-command@2.0.0", "", { "dependencies": { "shebang-regex": "^3.0.0" } }, "sha512-kHxr2zZpYtdmrN1qDjrrX/Z1rR1kG8Dx+gkpK1G4eXmvXswmcE1hTWBWYUzlraYw1/yZp6YuDY77YtvbN0dmDA=="],

    "shebang-regex": ["shebang-regex@3.0.0", "", {}, "sha512-7++dFhtcx3353uBaq8DDR4NuxBetBzC7ZQOhmTQInHEd6bSrXdiEyzCvG07Z44UYdLShWUyXt5M/yhz8ekcb1A=="],

    "signal-exit": ["signal-exit@4.1.0", "", {}, "sha512-bzyZ1e88w9O1iNJbKnOlvYTrWPDl46O1bG0D3XInv+9tkPrxrN8jUUTiFlDkkmKWgn1M6CfIA13SuGqOa9Korw=="],

    "typescript": ["typescript@5.9.3", "", { "bin": { "tsc": "bin/tsc", "tsserver": "bin/tsserver" } }, "sha512-jl1vZzPDinLr9eUt3J/t7V6FgNEw9QjvBPdysz9KfQDD41fQrC2Y4vKQdiaUpFT4bXlb1RHhLpp8wtm6M5TgSw=="],

    "undici-types": ["undici-types@7.16.0", "", {}, "sha512-Zz+aZWSj8LE6zoxD+xrjh4VfkIG8Ya6LvYkZqtUQGJPZjYl53ypCaUwWqo7eI0x66KBGeRo+mlBEkMSeSZ38Nw=="],

    "which": ["which@2.0.2", "", { "dependencies": { "isexe": "^2.0.0" }, "bin": { "node-which": "./bin/node-which" } }, "sha512-BLI3Tl1TW3Pvl70l3yq3Y64i+awpwXqsGBYWkkqMtnbXgrMD+yj7rhW0kuEDxzJaYXGjEW5ogapKNMEKNMjibA=="],

    "zod": ["zod@4.3.6", "", {}, "sha512-rftlrkhHZOcjDwkGlnUtZZkvaPHCsDATp4pGpuOOMDaTdDDXF91wuVDJoWoPsKX/3YPQ5fHuF3STjcYyKr+Qhg=="],

    "@opencode-ai/plugin/zod": ["zod@4.1.8", "", {}, "sha512-5R1P+WwQqmmMIEACyzSvo4JXHY5WiAFHRMg+zBZKgKS+Q1viRa0C1hmUKtHltoIFKtIdki3pRxkmpP74jnNYHQ=="],

    "bun-types/@types/node": ["@types/node@22.19.11", "", { "dependencies": { "undici-types": "~6.21.0" } }, "sha512-BH7YwL6rA93ReqeQS1c4bsPpcfOmJasG+Fkr6Y59q83f9M1WcBRHR2vM+P9eOisYRcN3ujQoiZY8uk5W+1WL8w=="],

    "bun-types/@types/node/undici-types": ["undici-types@6.21.0", "", {}, "sha512-iwDZqg0QAGrg9Rav5H4n0M64c3mkR59cJ6wQp+7C4nI0gsmExaedaYLNO44eT4AtBBwjbTiGPMlt2Md0T9H9JQ=="],
  }
}
